{
  "version": 4,
  "terraform_version": "0.13.3",
  "serial": 53,
  "lineage": "78063c7d-7404-5cfe-a91c-c57015098ee4",
  "outputs": {},
  "resources": [
    {
      "mode": "data",
      "type": "aws_ssm_parameter",
      "name": "linuxAmi",
      "provider": "provider[\"registry.terraform.io/hashicorp/aws\"]",
      "instances": [
        {
          "schema_version": 0,
          "attributes": {
            "arn": "arn:aws:ssm:us-east-1:282594292356:parameter/aws/service/ami-amazon-linux-latest/amzn2-ami-hvm-x86_64-gp2",
            "id": "/aws/service/ami-amazon-linux-latest/amzn2-ami-hvm-x86_64-gp2",
            "name": "/aws/service/ami-amazon-linux-latest/amzn2-ami-hvm-x86_64-gp2",
            "type": "String",
            "value": "ami-0947d2ba12ee1ff75",
            "version": 33,
            "with_decryption": true
          }
        }
      ]
    },
    {
      "mode": "managed",
      "type": "aws_iam_instance_profile",
      "name": "jenkins_petclinic_profile",
      "provider": "provider[\"registry.terraform.io/hashicorp/aws\"]",
      "instances": [
        {
          "schema_version": 0,
          "attributes": {
            "arn": "arn:aws:iam::282594292356:instance-profile/jenkins_petclinic_profile",
            "create_date": "2020-11-13T07:38:30Z",
            "id": "jenkins_petclinic_profile",
            "name": "jenkins_petclinic_profile",
            "name_prefix": null,
            "path": "/",
            "role": "jenkins-role",
            "roles": [],
            "unique_id": "AIPAUDS7OWKCH6Q2AGOBP"
          },
          "private": "bnVsbA==",
          "dependencies": [
            "aws_iam_role.jenkins-role"
          ]
        }
      ]
    },
    {
      "mode": "managed",
      "type": "aws_iam_role",
      "name": "jenkins-role",
      "provider": "provider[\"registry.terraform.io/hashicorp/aws\"]",
      "instances": [
        {
          "schema_version": 0,
          "attributes": {
            "arn": "arn:aws:iam::282594292356:role/jenkins-role",
            "assume_role_policy": "{\"Version\":\"2012-10-17\",\"Statement\":[{\"Sid\":\"\",\"Effect\":\"Allow\",\"Principal\":{\"Service\":\"ec2.amazonaws.com\"},\"Action\":\"sts:AssumeRole\"}]}",
            "create_date": "2020-11-13T07:38:29Z",
            "description": "",
            "force_detach_policies": false,
            "id": "jenkins-role",
            "max_session_duration": 3600,
            "name": "jenkins-role",
            "name_prefix": null,
            "path": "/",
            "permissions_boundary": null,
            "tags": {
              "Name": "jenkins-role"
            },
            "unique_id": "AROAUDS7OWKCEU6HDU3VM"
          },
          "private": "bnVsbA=="
        }
      ]
    },
    {
      "mode": "managed",
      "type": "aws_iam_role_policy",
      "name": "jenkins-policy",
      "provider": "provider[\"registry.terraform.io/hashicorp/aws\"]",
      "instances": [
        {
          "schema_version": 0,
          "attributes": {
            "id": "jenkins-role:jenkins-policy",
            "name": "jenkins-policy",
            "name_prefix": null,
            "policy": "{\n    \"Version\": \"2012-10-17\",\n    \"Statement\": [\n        {\n            \"Sid\": \"VisualEditor0\",\n            \"Effect\": \"Allow\",\n            \"Action\": [\n                \"iam:CreateInstanceProfile\",\n                \"iam:DeleteInstanceProfile\",\n                \"iam:GetRole\",\n                \"iam:GetInstanceProfile\",\n                \"iam:GetPolicy\",\n                \"iam:RemoveRoleFromInstanceProfile\",\n                \"iam:DeletePolicy\",\n                \"iam:CreateRole\",\n                \"iam:DeleteRole\",\n                \"iam:AttachRolePolicy\",\n                \"iam:AddRoleToInstanceProfile\",\n                \"iam:CreatePolicy\",\n                \"iam:PassRole\",\n                \"iam:DetachRolePolicy\",\n                \"iam:ListPolicyVersions\"\n            ],\n            \"Resource\": \"*\"\n        },\n        {\n            \"Effect\": \"Allow\",\n            \"Action\": [\n                \"ecr:*\",\n                \"cloudtrail:LookupEvents\"\n            ],\n            \"Resource\": \"*\"\n        },\n        {\n            \"Effect\": \"Allow\",\n            \"Action\": [\n                \"cloudformation:*\"\n            ],\n            \"Resource\": \"*\"\n        },\n        {\n            \"Effect\": \"Allow\",\n            \"Action\": [\n                \"ec2:*\"\n            ],\n            \"Resource\": \"*\"\n        }\n    ]\n}\n",
            "role": "jenkins-role"
          },
          "private": "bnVsbA==",
          "dependencies": [
            "aws_iam_role.jenkins-role"
          ]
        }
      ]
    },
    {
      "mode": "managed",
      "type": "aws_instance",
      "name": "jenkins-server",
      "provider": "provider[\"registry.terraform.io/hashicorp/aws\"]",
      "instances": []
    },
    {
      "mode": "managed",
      "type": "aws_key_pair",
      "name": "jenkins_keypair",
      "provider": "provider[\"registry.terraform.io/hashicorp/aws\"]",
      "instances": [
        {
          "schema_version": 1,
          "attributes": {
            "arn": "arn:aws:ec2:us-east-1:282594292356:key-pair/jenkins-petclinic",
            "fingerprint": "c1:b8:d8:45:dc:77:51:9a:85:45:13:25:58:65:0d:06",
            "id": "jenkins-petclinic",
            "key_name": "jenkins-petclinic",
            "key_name_prefix": null,
            "key_pair_id": "key-0825bb18ef7bd8af1",
            "public_key": "ssh-rsa AAAAB3NzaC1yc2EAAAADAQABAAABgQCmJskTWUOc7L6CimtjIxnuBNvJGUOxszbjdiEifVyfqQLJyZ4GofFbhCPb3yiaQUsxaAfo++TGyjVde/9AtvPFl39c/JDQleFO+rMNnuEtd1JoDtzTAGwSUnI/BdZdqRE8ENcMfy6C/LV9NuwblSMfUwM3GHcaBscMqhqF4WLAB4pLJs5WblUWgpz47lzWAlev7AFO3hp/PjYCF7/Ne5G+AR6YLwW7vXToFquJ+VE944abTxdTuVPYPQTDMYLGHxeXXjd8UJdE8NUz3ptBRAiZkZrU7nk+5XhXLoVaidwYvtetHMTKU4j6J8Zky/Fg8yyrWXMCPnxvF44fdnA8X9KEskvQqtZoS8gZvUdjKOfE7IOMw7/0jg2DqXYg2o4JqMWa9snDPRaINAJKz9NXwy5mWLeLkZhkPxlfhxl9+GxEwG3cP/D9wwtxBhPir8RR7u5MCPDB9kX0Zo96JH2SE+LMtQC/m7MrO0V6SvVPvQf7UKjZs0R/+aAczA6bRB13Gdk= the-one-key",
            "tags": null
          },
          "private": "eyJzY2hlbWFfdmVyc2lvbiI6IjEifQ=="
        }
      ]
    }
  ]
}
